// !$*UTF8*$!
{
	archiveVersion = 1;
	classes = {
	};
	objectVersion = 50;
	objects = {

/* Begin PBXBuildFile section */
		8F80D3F6227522C800F34F7F /* ViewController.xib in Resources */ = {isa = PBXBuildFile; fileRef = 8F80D3F5227522C800F34F7F /* ViewController.xib */; };
		8FE4039B22676BCC00278BFF /* AppDelegate.m in Sources */ = {isa = PBXBuildFile; fileRef = 8FE4039A22676BCC00278BFF /* AppDelegate.m */; };
		8FE4039E22676BCC00278BFF /* ViewController.m in Sources */ = {isa = PBXBuildFile; fileRef = 8FE4039D22676BCC00278BFF /* ViewController.m */; };
		8FE403A322676BDC00278BFF /* Assets.xcassets in Resources */ = {isa = PBXBuildFile; fileRef = 8FE403A222676BDC00278BFF /* Assets.xcassets */; };
		8FE403A922676BDD00278BFF /* main.m in Sources */ = {isa = PBXBuildFile; fileRef = 8FE403A822676BDD00278BFF /* main.m */; };
		8FE403B322676BDE00278BFF /* AlertViewControllerExampleTests.m in Sources */ = {isa = PBXBuildFile; fileRef = 8FE403B222676BDE00278BFF /* AlertViewControllerExampleTests.m */; };
		8FE403BE22676BDF00278BFF /* AlertViewControllerExampleUITests.m in Sources */ = {isa = PBXBuildFile; fileRef = 8FE403BD22676BDF00278BFF /* AlertViewControllerExampleUITests.m */; };
/* End PBXBuildFile section */

/* Begin PBXContainerItemProxy section */
		8FE403AF22676BDD00278BFF /* PBXContainerItemProxy */ = {
			isa = PBXContainerItemProxy;
			containerPortal = 8FE4038E22676BC900278BFF /* Project object */;
			proxyType = 1;
			remoteGlobalIDString = 8FE4039522676BCB00278BFF;
			remoteInfo = AlertViewControllerExample;
		};
		8FE403BA22676BDF00278BFF /* PBXContainerItemProxy */ = {
			isa = PBXContainerItemProxy;
			containerPortal = 8FE4038E22676BC900278BFF /* Project object */;
			proxyType = 1;
			remoteGlobalIDString = 8FE4039522676BCB00278BFF;
			remoteInfo = AlertViewControllerExample;
		};
/* End PBXContainerItemProxy section */

/* Begin PBXFileReference section */
		8F80D3F5227522C800F34F7F /* ViewController.xib */ = {isa = PBXFileReference; lastKnownFileType = file.xib; path = ViewController.xib; sourceTree = "<group>"; };
		8FE4039622676BCC00278BFF /* AlertViewControllerExample.app */ = {isa = PBXFileReference; explicitFileType = wrapper.application; includeInIndex = 0; path = AlertViewControllerExample.app; sourceTree = BUILT_PRODUCTS_DIR; };
		8FE4039922676BCC00278BFF /* AppDelegate.h */ = {isa = PBXFileReference; lastKnownFileType = sourcecode.c.h; path = AppDelegate.h; sourceTree = "<group>"; };
		8FE4039A22676BCC00278BFF /* AppDelegate.m */ = {isa = PBXFileReference; lastKnownFileType = sourcecode.c.objc; path = AppDelegate.m; sourceTree = "<group>"; };
		8FE4039C22676BCC00278BFF /* ViewController.h */ = {isa = PBXFileReference; lastKnownFileType = sourcecode.c.h; path = ViewController.h; sourceTree = "<group>"; };
		8FE4039D22676BCC00278BFF /* ViewController.m */ = {isa = PBXFileReference; lastKnownFileType = sourcecode.c.objc; path = ViewController.m; sourceTree = "<group>"; };
		8FE403A222676BDC00278BFF /* Assets.xcassets */ = {isa = PBXFileReference; lastKnownFileType = folder.assetcatalog; path = Assets.xcassets; sourceTree = "<group>"; };
		8FE403A722676BDD00278BFF /* Info.plist */ = {isa = PBXFileReference; lastKnownFileType = text.plist.xml; path = Info.plist; sourceTree = "<group>"; };
		8FE403A822676BDD00278BFF /* main.m */ = {isa = PBXFileReference; lastKnownFileType = sourcecode.c.objc; path = main.m; sourceTree = "<group>"; };
		8FE403AE22676BDD00278BFF /* AlertViewControllerExampleTests.xctest */ = {isa = PBXFileReference; explicitFileType = wrapper.cfbundle; includeInIndex = 0; path = AlertViewControllerExampleTests.xctest; sourceTree = BUILT_PRODUCTS_DIR; };
		8FE403B222676BDE00278BFF /* AlertViewControllerExampleTests.m */ = {isa = PBXFileReference; lastKnownFileType = sourcecode.c.objc; path = AlertViewControllerExampleTests.m; sourceTree = "<group>"; };
		8FE403B422676BDF00278BFF /* Info.plist */ = {isa = PBXFileReference; lastKnownFileType = text.plist.xml; path = Info.plist; sourceTree = "<group>"; };
		8FE403B922676BDF00278BFF /* AlertViewControllerExampleUITests.xctest */ = {isa = PBXFileReference; explicitFileType = wrapper.cfbundle; includeInIndex = 0; path = AlertViewControllerExampleUITests.xctest; sourceTree = BUILT_PRODUCTS_DIR; };
		8FE403BD22676BDF00278BFF /* AlertViewControllerExampleUITests.m */ = {isa = PBXFileReference; lastKnownFileType = sourcecode.c.objc; path = AlertViewControllerExampleUITests.m; sourceTree = "<group>"; };
		8FE403BF22676BDF00278BFF /* Info.plist */ = {isa = PBXFileReference; lastKnownFileType = text.plist.xml; path = Info.plist; sourceTree = "<group>"; };
/* End PBXFileReference section */

/* Begin PBXFrameworksBuildPhase section */
		8FE4039322676BCB00278BFF /* Frameworks */ = {
			isa = PBXFrameworksBuildPhase;
			buildActionMask = 2147483647;
			files = (
			);
			runOnlyForDeploymentPostprocessing = 0;
		};
		8FE403AB22676BDD00278BFF /* Frameworks */ = {
			isa = PBXFrameworksBuildPhase;
			buildActionMask = 2147483647;
			files = (
			);
			runOnlyForDeploymentPostprocessing = 0;
		};
		8FE403B622676BDF00278BFF /* Frameworks */ = {
			isa = PBXFrameworksBuildPhase;
			buildActionMask = 2147483647;
			files = (
			);
			runOnlyForDeploymentPostprocessing = 0;
		};
/* End PBXFrameworksBuildPhase section */

/* Begin PBXGroup section */
		8FE4038D22676BC700278BFF = {
			isa = PBXGroup;
			children = (
				8FE4039822676BCC00278BFF /* AlertViewControllerExample */,
				8FE403B122676BDE00278BFF /* AlertViewControllerExampleTests */,
				8FE403BC22676BDF00278BFF /* AlertViewControllerExampleUITests */,
				8FE4039722676BCC00278BFF /* Products */,
			);
			sourceTree = "<group>";
		};
		8FE4039722676BCC00278BFF /* Products */ = {
			isa = PBXGroup;
			children = (
				8FE4039622676BCC00278BFF /* AlertViewControllerExample.app */,
				8FE403AE22676BDD00278BFF /* AlertViewControllerExampleTests.xctest */,
				8FE403B922676BDF00278BFF /* AlertViewControllerExampleUITests.xctest */,
			);
			name = Products;
			sourceTree = "<group>";
		};
		8FE4039822676BCC00278BFF /* AlertViewControllerExample */ = {
			isa = PBXGroup;
			children = (
				8FE4039922676BCC00278BFF /* AppDelegate.h */,
				8FE4039A22676BCC00278BFF /* AppDelegate.m */,
				8FE4039C22676BCC00278BFF /* ViewController.h */,
				8FE4039D22676BCC00278BFF /* ViewController.m */,
				8F80D3F5227522C800F34F7F /* ViewController.xib */,
				8FE403A222676BDC00278BFF /* Assets.xcassets */,
				8FE403A722676BDD00278BFF /* Info.plist */,
				8FE403A822676BDD00278BFF /* main.m */,
			);
			path = AlertViewControllerExample;
			sourceTree = "<group>";
		};
		8FE403B122676BDE00278BFF /* AlertViewControllerExampleTests */ = {
			isa = PBXGroup;
			children = (
				8FE403B222676BDE00278BFF /* AlertViewControllerExampleTests.m */,
				8FE403B422676BDF00278BFF /* Info.plist */,
			);
			path = AlertViewControllerExampleTests;
			sourceTree = "<group>";
		};
		8FE403BC22676BDF00278BFF /* AlertViewControllerExampleUITests */ = {
			isa = PBXGroup;
			children = (
				8FE403BD22676BDF00278BFF /* AlertViewControllerExampleUITests.m */,
				8FE403BF22676BDF00278BFF /* Info.plist */,
			);
			path = AlertViewControllerExampleUITests;
			sourceTree = "<group>";
		};
/* End PBXGroup section */

/* Begin PBXNativeTarget section */
		8FE4039522676BCB00278BFF /* AlertViewControllerExample */ = {
			isa = PBXNativeTarget;
			buildConfigurationList = 8FE403C222676BDF00278BFF /* Build configuration list for PBXNativeTarget "AlertViewControllerExample" */;
			buildPhases = (
				8FE4039222676BCB00278BFF /* Sources */,
				8FE4039322676BCB00278BFF /* Frameworks */,
				8FE4039422676BCB00278BFF /* Resources */,
			);
			buildRules = (
			);
			dependencies = (
			);
			name = AlertViewControllerExample;
			productName = AlertViewControllerExample;
			productReference = 8FE4039622676BCC00278BFF /* AlertViewControllerExample.app */;
			productType = "com.apple.product-type.application";
		};
		8FE403AD22676BDD00278BFF /* AlertViewControllerExampleTests */ = {
			isa = PBXNativeTarget;
			buildConfigurationList = 8FE403C522676BDF00278BFF /* Build configuration list for PBXNativeTarget "AlertViewControllerExampleTests" */;
			buildPhases = (
				8FE403AA22676BDD00278BFF /* Sources */,
				8FE403AB22676BDD00278BFF /* Frameworks */,
				8FE403AC22676BDD00278BFF /* Resources */,
			);
			buildRules = (
			);
			dependencies = (
				8FE403B022676BDD00278BFF /* PBXTargetDependency */,
			);
			name = AlertViewControllerExampleTests;
			productName = AlertViewControllerExampleTests;
			productReference = 8FE403AE22676BDD00278BFF /* AlertViewControllerExampleTests.xctest */;
			productType = "com.apple.product-type.bundle.unit-test";
		};
		8FE403B822676BDF00278BFF /* AlertViewControllerExampleUITests */ = {
			isa = PBXNativeTarget;
			buildConfigurationList = 8FE403C822676BDF00278BFF /* Build configuration list for PBXNativeTarget "AlertViewControllerExampleUITests" */;
			buildPhases = (
				8FE403B522676BDF00278BFF /* Sources */,
				8FE403B622676BDF00278BFF /* Frameworks */,
				8FE403B722676BDF00278BFF /* Resources */,
			);
			buildRules = (
			);
			dependencies = (
				8FE403BB22676BDF00278BFF /* PBXTargetDependency */,
			);
			name = AlertViewControllerExampleUITests;
			productName = AlertViewControllerExampleUITests;
			productReference = 8FE403B922676BDF00278BFF /* AlertViewControllerExampleUITests.xctest */;
			productType = "com.apple.product-type.bundle.ui-testing";
		};
/* End PBXNativeTarget section */

/* Begin PBXProject section */
		8FE4038E22676BC900278BFF /* Project object */ = {
			isa = PBXProject;
			attributes = {
				LastUpgradeCheck = 1010;
				ORGANIZATIONNAME = "Carlos Santiago Cruz";
				TargetAttributes = {
					8FE4039522676BCB00278BFF = {
						CreatedOnToolsVersion = 10.1;
					};
					8FE403AD22676BDD00278BFF = {
						CreatedOnToolsVersion = 10.1;
						TestTargetID = 8FE4039522676BCB00278BFF;
					};
					8FE403B822676BDF00278BFF = {
						CreatedOnToolsVersion = 10.1;
						TestTargetID = 8FE4039522676BCB00278BFF;
					};
				};
			};
			buildConfigurationList = 8FE4039122676BC900278BFF /* Build configuration list for PBXProject "AlertViewControllerExample" */;
			compatibilityVersion = "Xcode 9.3";
			developmentRegion = en;
			hasScannedForEncodings = 0;
			knownRegions = (
				en,
				Base,
			);
			mainGroup = 8FE4038D22676BC700278BFF;
			productRefGroup = 8FE4039722676BCC00278BFF /* Products */;
			projectDirPath = "";
			projectRoot = "";
			targets = (
				8FE4039522676BCB00278BFF /* AlertViewControllerExample */,
				8FE403AD22676BDD00278BFF /* AlertViewControllerExampleTests */,
				8FE403B822676BDF00278BFF /* AlertViewControllerExampleUITests */,
			);
		};
/* End PBXProject section */

/* Begin PBXResourcesBuildPhase section */
		8FE4039422676BCB00278BFF /* Resources */ = {
			isa = PBXResourcesBuildPhase;
			buildActionMask = 2147483647;
			files = (
				8F80D3F6227522C800F34F7F /* ViewController.xib in Resources */,
				8FE403A322676BDC00278BFF /* Assets.xcassets in Resources */,
			);
			runOnlyForDeploymentPostprocessing = 0;
		};
		8FE403AC22676BDD00278BFF /* Resources */ = {
			isa = PBXResourcesBuildPhase;
			buildActionMask = 2147483647;
			files = (
			);
			runOnlyForDeploymentPostprocessing = 0;
		};
		8FE403B722676BDF00278BFF /* Resources */ = {
			isa = PBXResourcesBuildPhase;
			buildActionMask = 2147483647;
			files = (
			);
			runOnlyForDeploymentPostprocessing = 0;
		};
/* End PBXResourcesBuildPhase section */

/* Begin PBXSourcesBuildPhase section */
		8FE4039222676BCB00278BFF /* Sources */ = {
			isa = PBXSourcesBuildPhase;
			buildActionMask = 2147483647;
			files = (
				8FE4039E22676BCC00278BFF /* ViewController.m in Sources */,
				8FE403A922676BDD00278BFF /* main.m in Sources */,
				8FE4039B22676BCC00278BFF /* AppDelegate.m in Sources */,
			);
			runOnlyForDeploymentPostprocessing = 0;
		};
		8FE403AA22676BDD00278BFF /* Sources */ = {
			isa = PBXSourcesBuildPhase;
			buildActionMask = 2147483647;
			files = (
				8FE403B322676BDE00278BFF /* AlertViewControllerExampleTests.m in Sources */,
			);
			runOnlyForDeploymentPostprocessing = 0;
		};
		8FE403B522676BDF00278BFF /* Sources */ = {
			isa = PBXSourcesBuildPhase;
			buildActionMask = 2147483647;
			files = (
				8FE403BE22676BDF00278BFF /* AlertViewControllerExampleUITests.m in Sources */,
			);
			runOnlyForDeploymentPostprocessing = 0;
		};
/* End PBXSourcesBuildPhase section */

/* Begin PBXTargetDependency section */
		8FE403B022676BDD00278BFF /* PBXTargetDependency */ = {
			isa = PBXTargetDependency;
			target = 8FE4039522676BCB00278BFF /* AlertViewControllerExample */;
			targetProxy = 8FE403AF22676BDD00278BFF /* PBXContainerItemProxy */;
		};
		8FE403BB22676BDF00278BFF /* PBXTargetDependency */ = {
			isa = PBXTargetDependency;
			target = 8FE4039522676BCB00278BFF /* AlertViewControllerExample */;
			targetProxy = 8FE403BA22676BDF00278BFF /* PBXContainerItemProxy */;
		};
/* End PBXTargetDependency section */

/* Begin XCBuildConfiguration section */
		8FE403C022676BDF00278BFF /* Debug */ = {
			isa = XCBuildConfiguration;
			buildSettings = {
				ALWAYS_SEARCH_USER_PATHS = NO;
				CLANG_ANALYZER_NONNULL = YES;
				CLANG_ANALYZER_NUMBER_OBJECT_CONVERSION = YES_AGGRESSIVE;
				CLANG_CXX_LANGUAGE_STANDARD = "gnu++14";
				CLANG_CXX_LIBRARY = "libc++";
				CLANG_ENABLE_MODULES = YES;
				CLANG_ENABLE_OBJC_ARC = YES;
				CLANG_ENABLE_OBJC_WEAK = YES;
				CLANG_WARN_BLOCK_CAPTURE_AUTORELEASING = YES;
				CLANG_WARN_BOOL_CONVERSION = YES;
				CLANG_WARN_COMMA = YES;
				CLANG_WARN_CONSTANT_CONVERSION = YES;
				CLANG_WARN_DEPRECATED_OBJC_IMPLEMENTATIONS = YES;
				CLANG_WARN_DIRECT_OBJC_ISA_USAGE = YES_ERROR;
				CLANG_WARN_DOCUMENTATION_COMMENTS = YES;
				CLANG_WARN_EMPTY_BODY = YES;
				CLANG_WARN_ENUM_CONVERSION = YES;
				CLANG_WARN_INFINITE_RECURSION = YES;
				CLANG_WARN_INT_CONVERSION = YES;
				CLANG_WARN_NON_LITERAL_NULL_CONVERSION = YES;
				CLANG_WARN_OBJC_IMPLICIT_RETAIN_SELF = YES;
				CLANG_WARN_OBJC_LITERAL_CONVERSION = YES;
				CLANG_WARN_OBJC_ROOT_CLASS = YES_ERROR;
				CLANG_WARN_RANGE_LOOP_ANALYSIS = YES;
				CLANG_WARN_STRICT_PROTOTYPES = YES;
				CLANG_WARN_SUSPICIOUS_MOVE = YES;
				CLANG_WARN_UNGUARDED_AVAILABILITY = YES_AGGRESSIVE;
				CLANG_WARN_UNREACHABLE_CODE = YES;
				CLANG_WARN__DUPLICATE_METHOD_MATCH = YES;
				CODE_SIGN_IDENTITY = "iPhone Developer";
				COPY_PHASE_STRIP = NO;
				DEBUG_INFORMATION_FORMAT = dwarf;
				ENABLE_STRICT_OBJC_MSGSEND = YES;
				ENABLE_TESTABILITY = YES;
				GCC_C_LANGUAGE_STANDARD = gnu11;
				GCC_DYNAMIC_NO_PIC = NO;
				GCC_NO_COMMON_BLOCKS = YES;
				GCC_OPTIMIZATION_LEVEL = 0;
				GCC_PREPROCESSOR_DEFINITIONS = (
					"DEBUG=1",
					"$(inherited)",
				);
				GCC_WARN_64_TO_32_BIT_CONVERSION = YES;
				GCC_WARN_ABOUT_RETURN_TYPE = YES_ERROR;
				GCC_WARN_UNDECLARED_SELECTOR = YES;
				GCC_WARN_UNINITIALIZED_AUTOS = YES_AGGRESSIVE;
				GCC_WARN_UNUSED_FUNCTION = YES;
				GCC_WARN_UNUSED_VARIABLE = YES;
				IPHONEOS_DEPLOYMENT_TARGET = 12.1;
				MTL_ENABLE_DEBUG_INFO = INCLUDE_SOURCE;
				MTL_FAST_MATH = YES;
				ONLY_ACTIVE_ARCH = YES;
				SDKROOT = iphoneos;
			};
			name = Debug;
		};
		8FE403C122676BDF00278BFF /* Release */ = {
			isa = XCBuildConfiguration;
			buildSettings = {
				ALWAYS_SEARCH_USER_PATHS = NO;
				CLANG_ANALYZER_NONNULL = YES;
				CLANG_ANALYZER_NUMBER_OBJECT_CONVERSION = YES_AGGRESSIVE;
				CLANG_CXX_LANGUAGE_STANDARD = "gnu++14";
				CLANG_CXX_LIBRARY = "libc++";
				CLANG_ENABLE_MODULES = YES;
				CLANG_ENABLE_OBJC_ARC = YES;
				CLANG_ENABLE_OBJC_WEAK = YES;
				CLANG_WARN_BLOCK_CAPTURE_AUTORELEASING = YES;
				CLANG_WARN_BOOL_CONVERSION = YES;
				CLANG_WARN_COMMA = YES;
				CLANG_WARN_CONSTANT_CONVERSION = YES;
				CLANG_WARN_DEPRECATED_OBJC_IMPLEMENTATIONS = YES;
				CLANG_WARN_DIRECT_OBJC_ISA_USAGE = YES_ERROR;
				CLANG_WARN_DOCUMENTATION_COMMENTS = YES;
				CLANG_WARN_EMPTY_BODY = YES;
				CLANG_WARN_ENUM_CONVERSION = YES;
				CLANG_WARN_INFINITE_RECURSION = YES;
				CLANG_WARN_INT_CONVERSION = YES;
				CLANG_WARN_NON_LITERAL_NULL_CONVERSION = YES;
				CLANG_WARN_OBJC_IMPLICIT_RETAIN_SELF = YES;
				CLANG_WARN_OBJC_LITERAL_CONVERSION = YES;
				CLANG_WARN_OBJC_ROOT_CLASS = YES_ERROR;
				CLANG_WARN_RANGE_LOOP_ANALYSIS = YES;
				CLANG_WARN_STRICT_PROTOTYPES = YES;
				CLANG_WARN_SUSPICIOUS_MOVE = YES;
				CLANG_WARN_UNGUARDED_AVAILABILITY = YES_AGGRESSIVE;
				CLANG_WARN_UNREACHABLE_CODE = YES;
				CLANG_WARN__DUPLICATE_METHOD_MATCH = YES;
				CODE_SIGN_IDENTITY = "iPhone Developer";
				COPY_PHASE_STRIP = NO;
				DEBUG_INFORMATION_FORMAT = "dwarf-with-dsym";
				ENABLE_NS_ASSERTIONS = NO;
				ENABLE_STRICT_OBJC_MSGSEND = YES;
				GCC_C_LANGUAGE_STANDARD = gnu11;
				GCC_NO_COMMON_BLOCKS = YES;
				GCC_WARN_64_TO_32_BIT_CONVERSION = YES;
				GCC_WARN_ABOUT_RETURN_TYPE = YES_ERROR;
				GCC_WARN_UNDECLARED_SELECTOR = YES;
				GCC_WARN_UNINITIALIZED_AUTOS = YES_AGGRESSIVE;
				GCC_WARN_UNUSED_FUNCTION = YES;
				GCC_WARN_UNUSED_VARIABLE = YES;
				IPHONEOS_DEPLOYMENT_TARGET = 12.1;
				MTL_ENABLE_DEBUG_INFO = NO;
				MTL_FAST_MATH = YES;
				SDKROOT = iphoneos;
				VALIDATE_PRODUCT = YES;
			};
			name = Release;
		};
		8FE403C322676BDF00278BFF /* Debug */ = {
			isa = XCBuildConfiguration;
			buildSettings = {
				ASSETCATALOG_COMPILER_APPICON_NAME = AppIcon;
				CODE_SIGN_STYLE = Automatic;
				DEVELOPMENT_TEAM = KLD58K8YP9;
				INFOPLIST_FILE = AlertViewControllerExample/Info.plist;
				LD_RUNPATH_SEARCH_PATHS = (
					"$(inherited)",
					"@executable_path/Frameworks",
				);
				PRODUCT_BUNDLE_IDENTIFIER = Santiago.AlertViewControllerExample;
				PRODUCT_NAME = "$(TARGET_NAME)";
				TARGETED_DEVICE_FAMILY = "1,2";
			};
			name = Debug;
		};
		8FE403C422676BDF00278BFF /* Release */ = {
			isa = XCBuildConfiguration;
			buildSettings = {
				ASSETCATALOG_COMPILER_APPICON_NAME = AppIcon;
				CODE_SIGN_STYLE = Automatic;
				DEVELOPMENT_TEAM = KLD58K8YP9;
				INFOPLIST_FILE = AlertViewControllerExample/Info.plist;
				LD_RUNPATH_SEARCH_PATHS = (
					"$(inherited)",
					"@executable_path/Frameworks",
				);
				PRODUCT_BUNDLE_IDENTIFIER = Santiago.AlertViewControllerExample;
				PRODUCT_NAME = "$(TARGET_NAME)";
				TARGETED_DEVICE_FAMILY = "1,2";
			};
			name = Release;
		};
		8FE403C622676BDF00278BFF /* Debug */ = {
			isa = XCBuildConfiguration;
			buildSettings = {
				BUNDLE_LOADER = "$(TEST_HOST)";
				CODE_SIGN_STYLE = Automatic;
				DEVELOPMENT_TEAM = KLD58K8YP9;
				INFOPLIST_FILE = AlertViewControllerExampleTests/Info.plist;
				LD_RUNPATH_SEARCH_PATHS = (
					"$(inherited)",
					"@executable_path/Frameworks",
					"@loader_path/Frameworks",
				);
				PRODUCT_BUNDLE_IDENTIFIER = Santiago.AlertViewControllerExampleTests;
				PRODUCT_NAME = "$(TARGET_NAME)";
				TARGETED_DEVICE_FAMILY = "1,2";
				TEST_HOST = "$(BUILT_PRODUCTS_DIR)/AlertViewControllerExample.app/AlertViewControllerExample";
			};
			name = Debug;
		};
		8FE403C722676BDF00278BFF /* Release */ = {
			isa = XCBuildConfiguration;
			buildSettings = {
				BUNDLE_LOADER = "$(TEST_HOST)";
				CODE_SIGN_STYLE = Automatic;
				DEVELOPMENT_TEAM = KLD58K8YP9;
				INFOPLIST_FILE = AlertViewControllerExampleTests/Info.plist;
				LD_RUNPATH_SEARCH_PATHS = (
					"$(inherited)",
					"@executable_path/Frameworks",
					"@loader_path/Frameworks",
				);
				PRODUCT_BUNDLE_IDENTIFIER = Santiago.AlertViewControllerExampleTests;
				PRODUCT_NAME = "$(TARGET_NAME)";
				TARGETED_DEVICE_FAMILY = "1,2";
				TEST_HOST = "$(BUILT_PRODUCTS_DIR)/AlertViewControllerExample.app/AlertViewControllerExample";
			};
			name = Release;
		};
		8FE403C922676BDF00278BFF /* Debug */ = {
			isa = XCBuildConfiguration;
			buildSettings = {
				CODE_SIGN_STYLE = Automatic;
				DEVELOPMENT_TEAM = KLD58K8YP9;
				INFOPLIST_FILE = AlertViewControllerExampleUITests/Info.plist;
				LD_RUNPATH_SEARCH_PATHS = (
					"$(inherited)",
					"@executable_path/Frameworks",
					"@loader_path/Frameworks",
				);
				PRODUCT_BUNDLE_IDENTIFIER = Santiago.AlertViewControllerExampleUITests;
				PRODUCT_NAME = "$(TARGET_NAME)";
				TARGETED_DEVICE_FAMILY = "1,2";
				TEST_TARGET_NAME = AlertViewControllerExample;
			};
			name = Debug;
		};
		8FE403CA22676BDF00278BFF /* Release */ = {
			isa = XCBuildConfiguration;
			buildSettings = {
				CODE_SIGN_STYLE = Automatic;
				DEVELOPMENT_TEAM = KLD58K8YP9;
				INFOPLIST_FILE = AlertViewControllerExampleUITests/Info.plist;
				LD_RUNPATH_SEARCH_PATHS = (
					"$(inherited)",
					"@executable_path/Frameworks",
					"@loader_path/Frameworks",
				);
				PRODUCT_BUNDLE_IDENTIFIER = Santiago.AlertViewControllerExampleUITests;
				PRODUCT_NAME = "$(TARGET_NAME)";
				TARGETED_DEVICE_FAMILY = "1,2";
				TEST_TARGET_NAME = AlertViewControllerExample;
			};
			name = Release;
		};
/* End XCBuildConfiguration section */

/* Begin XCConfigurationList section */
		8FE4039122676BC900278BFF /* Build configuration list for PBXProject "AlertViewControllerExample" */ = {
			isa = XCConfigurationList;
			buildConfigurations = (
				8FE403C022676BDF00278BFF /* Debug */,
				8FE403C122676BDF00278BFF /* Release */,
			);
			defaultConfigurationIsVisible = 0;
			defaultConfigurationName = Release;
		};
		8FE403C222676BDF00278BFF /* Build configuration list for PBXNativeTarget "AlertViewControllerExample" */ = {
			isa = XCConfigurationList;
			buildConfigurations = (
				8FE403C322676BDF00278BFF /* Debug */,
				8FE403C422676BDF00278BFF /* Release */,
			);
			defaultConfigurationIsVisible = 0;
			defaultConfigurationName = Release;
		};
		8FE403C522676BDF00278BFF /* Build configuration list for PBXNativeTarget "AlertViewControllerExampleTests" */ = {
			isa = XCConfigurationList;
			buildConfigurations = (
				8FE403C622676BDF00278BFF /* Debug */,
				8FE403C722676BDF00278BFF /* Release */,
			);
			defaultConfigurationIsVisible = 0;
			defaultConfigurationName = Release;
		};
		8FE403C822676BDF00278BFF /* Build configuration list for PBXNativeTarget "AlertViewControllerExampleUITests" */ = {
			isa = XCConfigurationList;
			buildConfigurations = (
				8FE403C922676BDF00278BFF /* Debug */,
				8FE403CA22676BDF00278BFF /* Release */,
			);
			defaultConfigurationIsVisible = 0;
			defaultConfigurationName = Release;
		};
/* End XCConfigurationList section */
	};
	rootObject = 8FE4038E22676BC900278BFF /* Project object */;
}
